
Microsoft Visual Studio Solution File, Format Version 12.00
# Visual Studio Version 16
VisualStudioVersion = 16.0.30011.22
MinimumVisualStudioVersion = 10.0.40219.1
Project("{FAE04EC0-301F-11D3-BF4B-00C04F79EFBC}") = "ConsoleApp1", "ConsoleApp1\ConsoleApp1.csproj", "{426F0C7D-E8AC-45B0-ACD6-2E6B166CA9FF}"
EndProject
Global
	GlobalSection(SolutionConfigurationPlatforms) = preSolution
		Debug|Any CPU = Debug|Any CPU
		Release|Any CPU = Release|Any CPU
	EndGlobalSection
	GlobalSection(ProjectConfigurationPlatforms) = postSolution
		{426F0C7D-E8AC-45B0-ACD6-2E6B166CA9FF}.Debug|Any CPU.ActiveCfg = Debug|Any CPU
		{426F0C7D-E8AC-45B0-ACD6-2E6B166CA9FF}.Debug|Any CPU.Build.0 = Debug|Any CPU
		{426F0C7D-E8AC-45B0-ACD6-2E6B166CA9FF}.Release|Any CPU.ActiveCfg = Release|Any CPU
		{426F0C7D-E8AC-45B0-ACD6-2E6B166CA9FF}.Release|Any CPU.Build.0 = Release|Any CPU
	EndGlobalSection
	GlobalSection(SolutionProperties) = preSolution
		HideSolutionNode = FALSE
	EndGlobalSection
	GlobalSection(ExtensibilityGlobals) = postSolution
		SolutionGuid = {E2A7D7BB-807C-4992-9818-C99EA9085D80}
	EndGlobalSection
EndGlobal
